PODS:
  - Alamofire (4.3.0)
  - MobilePlayer (1.2.0)
  - youtube-ios-player-helper (0.1.6)

DEPENDENCIES:
  - Alamofire (~> 4.3)
  - MobilePlayer
  - youtube-ios-player-helper (~> 0.1.6)

SPEC CHECKSUMS:
  Alamofire: 856a113053a7bc9cbe5d6367a555d773fc5cfef7
  MobilePlayer: 069b13482499f14c25b6ce53f63a91e17975b073
  youtube-ios-player-helper: 21ab92db027c7ff86cb17a3843a3f6eafc8158d2

PODFILE CHECKSUM: b903bcdcc8accb5ac8d20737d58ce13f18bb9b87

COCOAPODS: 1.2.0
