PODS:
  - Alamofire (4.3.0)
  - MobilePlayer (1.2.0)

DEPENDENCIES:
  - Alamofire (~> 4.3)
  - MobilePlayer

SPEC CHECKSUMS:
  Alamofire: 856a113053a7bc9cbe5d6367a555d773fc5cfef7
  MobilePlayer: 069b13482499f14c25b6ce53f63a91e17975b073

PODFILE CHECKSUM: 756e358bc4bfc6d6ae58f191e1b7397e304e5afb

COCOAPODS: 1.1.1
